{
  "requires": true,
  "lockfileVersion": 1,
  "dependencies": {
    "fullcalendar": {
      "version": "5.4.0",
      "resolved": "https://registry.npmjs.org/fullcalendar/-/fullcalendar-5.4.0.tgz",
      "integrity": "sha512-TYAycz4vCrcBpZQYc1AJA8C5bZD1rKEr1+2LL2AZ/TW5Ga+FSu88OTo8/Q0mP469LzBXNbp3AXn1TQv9UKDW6g=="
    }
  }
}
